
Microsoft Visual Studio Solution File, Format Version 12.00
# Visual Studio Version 17
VisualStudioVersion = 17.5.002.0
MinimumVisualStudioVersion = 10.0.40219.1
Project("{9A19103F-16F7-4668-BE54-9A1E7A4F7556}") = "EventBookingAPI", "EventBookingAPI\EventBookingAPI.csproj", "{1B6E21E2-450D-4649-8CBC-278A52B10100}"
EndProject
Global
	GlobalSection(SolutionConfigurationPlatforms) = preSolution
		Debug|Any CPU = Debug|Any CPU
		Release|Any CPU = Release|Any CPU
	EndGlobalSection
	GlobalSection(ProjectConfigurationPlatforms) = postSolution
		{1B6E21E2-450D-4649-8CBC-278A52B10100}.Debug|Any CPU.ActiveCfg = Debug|Any CPU
		{1B6E21E2-450D-4649-8CBC-278A52B10100}.Debug|Any CPU.Build.0 = Debug|Any CPU
		{1B6E21E2-450D-4649-8CBC-278A52B10100}.Release|Any CPU.ActiveCfg = Release|Any CPU
		{1B6E21E2-450D-4649-8CBC-278A52B10100}.Release|Any CPU.Build.0 = Release|Any CPU
	EndGlobalSection
	GlobalSection(SolutionProperties) = preSolution
		HideSolutionNode = FALSE
	EndGlobalSection
	GlobalSection(ExtensibilityGlobals) = postSolution
		SolutionGuid = {C8C6B6CB-C1E6-4F4E-94D7-4D92F7ACB5F9}
	EndGlobalSection
EndGlobal
